---
field_body: '<p>For anything you want to highlight here, understand what your users know now, and what activity or impression you want from them after they see it.</p>'
field_link: '#'
field_media_block_image:
  src: "https://fpoimg.com/140x105"
  alt: "Placeholder image"
field_title: 'Graphic headings can vary.'