uuid: ea1da60b-fb52-4987-a0e3-91242cd62b8f
langcode: en
status: true
dependencies:
  module:
    - node
    - text
id: node.field_aside_block
field_name: field_aside_block
entity_type: node
type: text_long
settings: {  }
module: text
locked: false
cardinality: 1
translatable: true
indexes: {  }
persist_with_no_fields: false
custom_storage: false
