uuid: 62057017-8908-424f-aebd-8237b75b1702
langcode: en
status: true
dependencies:
  config:
    - field.storage.node.field_aside_block
    - node.type.web_area
  module:
    - text
id: node.web_area.field_aside_block
field_name: field_aside_block
entity_type: node
bundle: web_area
label: 'Aside Block'
description: ''
required: false
translatable: false
default_value: {  }
default_value_callback: ''
settings: {  }
field_type: text_long
