uuid: 4ed8d605-1ea6-43a3-9987-8fd567a3652a
langcode: en
status: true
dependencies:
  module:
    - node
    - text
id: node.field_aside_block
field_name: field_aside_block
entity_type: node
type: text_long
settings: {  }
module: text
locked: false
cardinality: 1
translatable: true
indexes: {  }
persist_with_no_fields: false
custom_storage: false
