uuid: ec75da75-3067-4b29-8653-e0c26c80d114
langcode: en
status: true
dependencies:
  module:
    - push_framework
_core:
  default_config_hash: rytON4BvYvl_El8I2zpslY1WaQjoX-nwfyFMYNtOs-w
id: push_framework_notifications_block
label: 'Block all push notifications'
type: user
plugin: push_framework_notifications_block
configuration: {  }
